
Microsoft Visual Studio Solution File, Format Version 12.00
# Visual Studio Version 16
VisualStudioVersion = 16.0.28922.388
MinimumVisualStudioVersion = 10.0.40219.1
Project("{FAE04EC0-301F-11D3-BF4B-00C04F79EFBC}") = "App9.Android", "App9.Android\App9.Android.csproj", "{8A545A60-C7C1-4FB7-A859-58818E92EB61}"
EndProject
Project("{FAE04EC0-301F-11D3-BF4B-00C04F79EFBC}") = "App9.iOS", "App9.iOS\App9.iOS.csproj", "{7AEE137E-23C5-4AE9-A1A9-80A633D4925E}"
EndProject
Project("{FAE04EC0-301F-11D3-BF4B-00C04F79EFBC}") = "App9", "App9\App9.csproj", "{9E25B8AD-C18B-47FB-9D11-15943476EEFD}"
EndProject
Global
	GlobalSection(SolutionConfigurationPlatforms) = preSolution
		Debug|Any CPU = Debug|Any CPU
		Debug|iPhone = Debug|iPhone
		Debug|iPhoneSimulator = Debug|iPhoneSimulator
		Release|Any CPU = Release|Any CPU
		Release|iPhone = Release|iPhone
		Release|iPhoneSimulator = Release|iPhoneSimulator
	EndGlobalSection
	GlobalSection(ProjectConfigurationPlatforms) = postSolution
		{8A545A60-C7C1-4FB7-A859-58818E92EB61}.Debug|Any CPU.ActiveCfg = Debug|Any CPU
		{8A545A60-C7C1-4FB7-A859-58818E92EB61}.Debug|Any CPU.Build.0 = Debug|Any CPU
		{8A545A60-C7C1-4FB7-A859-58818E92EB61}.Debug|Any CPU.Deploy.0 = Debug|Any CPU
		{8A545A60-C7C1-4FB7-A859-58818E92EB61}.Debug|iPhone.ActiveCfg = Debug|Any CPU
		{8A545A60-C7C1-4FB7-A859-58818E92EB61}.Debug|iPhone.Build.0 = Debug|Any CPU
		{8A545A60-C7C1-4FB7-A859-58818E92EB61}.Debug|iPhone.Deploy.0 = Debug|Any CPU
		{8A545A60-C7C1-4FB7-A859-58818E92EB61}.Debug|iPhoneSimulator.ActiveCfg = Debug|Any CPU
		{8A545A60-C7C1-4FB7-A859-58818E92EB61}.Debug|iPhoneSimulator.Build.0 = Debug|Any CPU
		{8A545A60-C7C1-4FB7-A859-58818E92EB61}.Debug|iPhoneSimulator.Deploy.0 = Debug|Any CPU
		{8A545A60-C7C1-4FB7-A859-58818E92EB61}.Release|Any CPU.ActiveCfg = Release|Any CPU
		{8A545A60-C7C1-4FB7-A859-58818E92EB61}.Release|Any CPU.Build.0 = Release|Any CPU
		{8A545A60-C7C1-4FB7-A859-58818E92EB61}.Release|Any CPU.Deploy.0 = Release|Any CPU
		{8A545A60-C7C1-4FB7-A859-58818E92EB61}.Release|iPhone.ActiveCfg = Release|Any CPU
		{8A545A60-C7C1-4FB7-A859-58818E92EB61}.Release|iPhone.Build.0 = Release|Any CPU
		{8A545A60-C7C1-4FB7-A859-58818E92EB61}.Release|iPhone.Deploy.0 = Release|Any CPU
		{8A545A60-C7C1-4FB7-A859-58818E92EB61}.Release|iPhoneSimulator.ActiveCfg = Release|Any CPU
		{8A545A60-C7C1-4FB7-A859-58818E92EB61}.Release|iPhoneSimulator.Build.0 = Release|Any CPU
		{8A545A60-C7C1-4FB7-A859-58818E92EB61}.Release|iPhoneSimulator.Deploy.0 = Release|Any CPU
		{7AEE137E-23C5-4AE9-A1A9-80A633D4925E}.Debug|Any CPU.ActiveCfg = Debug|iPhoneSimulator
		{7AEE137E-23C5-4AE9-A1A9-80A633D4925E}.Debug|Any CPU.Build.0 = Debug|iPhoneSimulator
		{7AEE137E-23C5-4AE9-A1A9-80A633D4925E}.Debug|Any CPU.Deploy.0 = Debug|iPhoneSimulator
		{7AEE137E-23C5-4AE9-A1A9-80A633D4925E}.Debug|iPhone.ActiveCfg = Debug|iPhone
		{7AEE137E-23C5-4AE9-A1A9-80A633D4925E}.Debug|iPhone.Build.0 = Debug|iPhone
		{7AEE137E-23C5-4AE9-A1A9-80A633D4925E}.Debug|iPhone.Deploy.0 = Debug|iPhone
		{7AEE137E-23C5-4AE9-A1A9-80A633D4925E}.Debug|iPhoneSimulator.ActiveCfg = Debug|iPhoneSimulator
		{7AEE137E-23C5-4AE9-A1A9-80A633D4925E}.Debug|iPhoneSimulator.Build.0 = Debug|iPhoneSimulator
		{7AEE137E-23C5-4AE9-A1A9-80A633D4925E}.Debug|iPhoneSimulator.Deploy.0 = Debug|iPhoneSimulator
		{7AEE137E-23C5-4AE9-A1A9-80A633D4925E}.Release|Any CPU.ActiveCfg = Release|iPhone
		{7AEE137E-23C5-4AE9-A1A9-80A633D4925E}.Release|Any CPU.Build.0 = Release|iPhone
		{7AEE137E-23C5-4AE9-A1A9-80A633D4925E}.Release|Any CPU.Deploy.0 = Release|iPhone
		{7AEE137E-23C5-4AE9-A1A9-80A633D4925E}.Release|iPhone.ActiveCfg = Release|iPhone
		{7AEE137E-23C5-4AE9-A1A9-80A633D4925E}.Release|iPhone.Build.0 = Release|iPhone
		{7AEE137E-23C5-4AE9-A1A9-80A633D4925E}.Release|iPhone.Deploy.0 = Release|iPhone
		{7AEE137E-23C5-4AE9-A1A9-80A633D4925E}.Release|iPhoneSimulator.ActiveCfg = Release|iPhoneSimulator
		{7AEE137E-23C5-4AE9-A1A9-80A633D4925E}.Release|iPhoneSimulator.Build.0 = Release|iPhoneSimulator
		{7AEE137E-23C5-4AE9-A1A9-80A633D4925E}.Release|iPhoneSimulator.Deploy.0 = Release|iPhoneSimulator
		{9E25B8AD-C18B-47FB-9D11-15943476EEFD}.Debug|Any CPU.ActiveCfg = Debug|Any CPU
		{9E25B8AD-C18B-47FB-9D11-15943476EEFD}.Debug|Any CPU.Build.0 = Debug|Any CPU
		{9E25B8AD-C18B-47FB-9D11-15943476EEFD}.Debug|Any CPU.Deploy.0 = Debug|Any CPU
		{9E25B8AD-C18B-47FB-9D11-15943476EEFD}.Debug|iPhone.ActiveCfg = Debug|Any CPU
		{9E25B8AD-C18B-47FB-9D11-15943476EEFD}.Debug|iPhone.Build.0 = Debug|Any CPU
		{9E25B8AD-C18B-47FB-9D11-15943476EEFD}.Debug|iPhone.Deploy.0 = Debug|Any CPU
		{9E25B8AD-C18B-47FB-9D11-15943476EEFD}.Debug|iPhoneSimulator.ActiveCfg = Debug|Any CPU
		{9E25B8AD-C18B-47FB-9D11-15943476EEFD}.Debug|iPhoneSimulator.Build.0 = Debug|Any CPU
		{9E25B8AD-C18B-47FB-9D11-15943476EEFD}.Debug|iPhoneSimulator.Deploy.0 = Debug|Any CPU
		{9E25B8AD-C18B-47FB-9D11-15943476EEFD}.Release|Any CPU.ActiveCfg = Release|Any CPU
		{9E25B8AD-C18B-47FB-9D11-15943476EEFD}.Release|Any CPU.Build.0 = Release|Any CPU
		{9E25B8AD-C18B-47FB-9D11-15943476EEFD}.Release|Any CPU.Deploy.0 = Release|Any CPU
		{9E25B8AD-C18B-47FB-9D11-15943476EEFD}.Release|iPhone.ActiveCfg = Release|Any CPU
		{9E25B8AD-C18B-47FB-9D11-15943476EEFD}.Release|iPhone.Build.0 = Release|Any CPU
		{9E25B8AD-C18B-47FB-9D11-15943476EEFD}.Release|iPhone.Deploy.0 = Release|Any CPU
		{9E25B8AD-C18B-47FB-9D11-15943476EEFD}.Release|iPhoneSimulator.ActiveCfg = Release|Any CPU
		{9E25B8AD-C18B-47FB-9D11-15943476EEFD}.Release|iPhoneSimulator.Build.0 = Release|Any CPU
		{9E25B8AD-C18B-47FB-9D11-15943476EEFD}.Release|iPhoneSimulator.Deploy.0 = Release|Any CPU
	EndGlobalSection
	GlobalSection(SolutionProperties) = preSolution
		HideSolutionNode = FALSE
	EndGlobalSection
	GlobalSection(ExtensibilityGlobals) = postSolution
		SolutionGuid = {988A335C-17DF-4A13-8D08-9322FBDCAC03}
	EndGlobalSection
EndGlobal
